{
  "name": "purchaseplan.io",
  "lockfileVersion": 2,
  "requires": true,
  "packages": {
    "": {
      "dependencies": {
        "uuidv4": "^6.2.7"
      }
    },
    "node_modules/@types/uuid": {
      "version": "8.3.0",
      "resolved": "https://registry.npmjs.org/@types/uuid/-/uuid-8.3.0.tgz",
      "integrity": "sha512-eQ9qFW/fhfGJF8WKHGEHZEyVWfZxrT+6CLIJGBcZPfxUh/+BnEj+UCGYMlr9qZuX/2AltsvwrGqp0LhEW8D0zQ=="
    },
    "node_modules/uuid": {
      "version": "8.3.2",
      "resolved": "https://registry.npmjs.org/uuid/-/uuid-8.3.2.tgz",
      "integrity": "sha512-+NYs2QeMWy+GWFOEm9xnn6HCDp0l7QBD7ml8zLUmJ+93Q5NF0NocErnwkTkXVFNiX3/fpC6afS8Dhb/gz7R7eg==",
      "bin": {
        "uuid": "dist/bin/uuid"
      }
    },
    "node_modules/uuidv4": {
      "version": "6.2.7",
      "resolved": "https://registry.npmjs.org/uuidv4/-/uuidv4-6.2.7.tgz",
      "integrity": "sha512-3XvpuG5LVO9Bd9H/mjdMd7eh556ojlAFx5jJ7dSiGGjFNaU8XhcKhhnV34YGjyZiRs8kPBwXuhYJoyvrY+EMOA==",
      "dependencies": {
        "@types/uuid": "8.3.0",
        "uuid": "8.3.2"
      }
    }
  },
  "dependencies": {
    "@types/uuid": {
      "version": "8.3.0",
      "resolved": "https://registry.npmjs.org/@types/uuid/-/uuid-8.3.0.tgz",
      "integrity": "sha512-eQ9qFW/fhfGJF8WKHGEHZEyVWfZxrT+6CLIJGBcZPfxUh/+BnEj+UCGYMlr9qZuX/2AltsvwrGqp0LhEW8D0zQ=="
    },
    "uuid": {
      "version": "8.3.2",
      "resolved": "https://registry.npmjs.org/uuid/-/uuid-8.3.2.tgz",
      "integrity": "sha512-+NYs2QeMWy+GWFOEm9xnn6HCDp0l7QBD7ml8zLUmJ+93Q5NF0NocErnwkTkXVFNiX3/fpC6afS8Dhb/gz7R7eg=="
    },
    "uuidv4": {
      "version": "6.2.7",
      "resolved": "https://registry.npmjs.org/uuidv4/-/uuidv4-6.2.7.tgz",
      "integrity": "sha512-3XvpuG5LVO9Bd9H/mjdMd7eh556ojlAFx5jJ7dSiGGjFNaU8XhcKhhnV34YGjyZiRs8kPBwXuhYJoyvrY+EMOA==",
      "requires": {
        "@types/uuid": "8.3.0",
        "uuid": "8.3.2"
      }
    }
  }
}
